
Microsoft Visual Studio Solution File, Format Version 12.00
# Visual Studio Version 17
VisualStudioVersion = 17.5.002.0
MinimumVisualStudioVersion = 10.0.40219.1
Project("{9A19103F-16F7-4668-BE54-9A1E7A4F7556}") = "gruppuppgiftCI_CD", "gruppuppgiftCI_CD.csproj", "{92ED9E4E-5E12-49AE-974A-6B50E80BA99D}"
EndProject
Global
	GlobalSection(SolutionConfigurationPlatforms) = preSolution
		Debug|Any CPU = Debug|Any CPU
		Release|Any CPU = Release|Any CPU
	EndGlobalSection
	GlobalSection(ProjectConfigurationPlatforms) = postSolution
		{92ED9E4E-5E12-49AE-974A-6B50E80BA99D}.Debug|Any CPU.ActiveCfg = Debug|Any CPU
		{92ED9E4E-5E12-49AE-974A-6B50E80BA99D}.Debug|Any CPU.Build.0 = Debug|Any CPU
		{92ED9E4E-5E12-49AE-974A-6B50E80BA99D}.Release|Any CPU.ActiveCfg = Release|Any CPU
		{92ED9E4E-5E12-49AE-974A-6B50E80BA99D}.Release|Any CPU.Build.0 = Release|Any CPU
	EndGlobalSection
	GlobalSection(SolutionProperties) = preSolution
		HideSolutionNode = FALSE
	EndGlobalSection
	GlobalSection(ExtensibilityGlobals) = postSolution
		SolutionGuid = {425B52DA-58A7-4A8C-B753-6D994DB5674A}
	EndGlobalSection
EndGlobal
